// !$*UTF8*$!
{
	archiveVersion = 1;
	classes = {
	};
	objectVersion = 46;
	objects = {

/* Begin PBXBuildFile section */
		5FC25AE4183485DE00AC3D67 /* Foundation.framework in Frameworks */ = {isa = PBXBuildFile; fileRef = 5FC25AE3183485DE00AC3D67 /* Foundation.framework */; };
		5FC25AE6183485DE00AC3D67 /* CoreGraphics.framework in Frameworks */ = {isa = PBXBuildFile; fileRef = 5FC25AE5183485DE00AC3D67 /* CoreGraphics.framework */; };
		5FC25AE8183485DE00AC3D67 /* UIKit.framework in Frameworks */ = {isa = PBXBuildFile; fileRef = 5FC25AE7183485DE00AC3D67 /* UIKit.framework */; };
		5FC25AEE183485DE00AC3D67 /* InfoPlist.strings in Resources */ = {isa = PBXBuildFile; fileRef = 5FC25AEC183485DE00AC3D67 /* InfoPlist.strings */; };
		5FC25AF0183485DE00AC3D67 /* main.m in Sources */ = {isa = PBXBuildFile; fileRef = 5FC25AEF183485DE00AC3D67 /* main.m */; };
		5FC25AF4183485DE00AC3D67 /* AppDelegate.m in Sources */ = {isa = PBXBuildFile; fileRef = 5FC25AF3183485DE00AC3D67 /* AppDelegate.m */; };
		5FC25AF7183485DE00AC3D67 /* Main.storyboard in Resources */ = {isa = PBXBuildFile; fileRef = 5FC25AF5183485DE00AC3D67 /* Main.storyboard */; };
		5FC25AFC183485DE00AC3D67 /* Images.xcassets in Resources */ = {isa = PBXBuildFile; fileRef = 5FC25AFB183485DE00AC3D67 /* Images.xcassets */; };
		5FC25B03183485DE00AC3D67 /* XCTest.framework in Frameworks */ = {isa = PBXBuildFile; fileRef = 5FC25B02183485DE00AC3D67 /* XCTest.framework */; };
		5FC25B04183485DE00AC3D67 /* Foundation.framework in Frameworks */ = {isa = PBXBuildFile; fileRef = 5FC25AE3183485DE00AC3D67 /* Foundation.framework */; };
		5FC25B05183485DE00AC3D67 /* UIKit.framework in Frameworks */ = {isa = PBXBuildFile; fileRef = 5FC25AE7183485DE00AC3D67 /* UIKit.framework */; };
		5FC25B0D183485DE00AC3D67 /* InfoPlist.strings in Resources */ = {isa = PBXBuildFile; fileRef = 5FC25B0B183485DE00AC3D67 /* InfoPlist.strings */; };
		5FC25B0F183485DE00AC3D67 /* Qiniu_iOS_SDKTests.m in Sources */ = {isa = PBXBuildFile; fileRef = 5FC25B0E183485DE00AC3D67 /* Qiniu_iOS_SDKTests.m */; };
		5FC25B3F183487DD00AC3D67 /* ASIAuthenticationDialog.m in Sources */ = {isa = PBXBuildFile; fileRef = 5FC25B1C183487DD00AC3D67 /* ASIAuthenticationDialog.m */; settings = {COMPILER_FLAGS = "-fno-objc-arc"; }; };
		5FC25B40183487DD00AC3D67 /* ASIDataCompressor.m in Sources */ = {isa = PBXBuildFile; fileRef = 5FC25B1F183487DD00AC3D67 /* ASIDataCompressor.m */; settings = {COMPILER_FLAGS = "-fno-objc-arc"; }; };
		5FC25B41183487DD00AC3D67 /* ASIDataDecompressor.m in Sources */ = {isa = PBXBuildFile; fileRef = 5FC25B21183487DD00AC3D67 /* ASIDataDecompressor.m */; settings = {COMPILER_FLAGS = "-fno-objc-arc"; }; };
		5FC25B42183487DD00AC3D67 /* ASIDownloadCache.m in Sources */ = {isa = PBXBuildFile; fileRef = 5FC25B23183487DD00AC3D67 /* ASIDownloadCache.m */; settings = {COMPILER_FLAGS = "-fno-objc-arc"; }; };
		5FC25B43183487DD00AC3D67 /* ASIFormDataRequest.m in Sources */ = {isa = PBXBuildFile; fileRef = 5FC25B25183487DD00AC3D67 /* ASIFormDataRequest.m */; settings = {COMPILER_FLAGS = "-fno-objc-arc"; }; };
		5FC25B44183487DD00AC3D67 /* ASIHTTPRequest.m in Sources */ = {isa = PBXBuildFile; fileRef = 5FC25B27183487DD00AC3D67 /* ASIHTTPRequest.m */; settings = {COMPILER_FLAGS = "-fno-objc-arc"; }; };
		5FC25B45183487DD00AC3D67 /* ASIInputStream.m in Sources */ = {isa = PBXBuildFile; fileRef = 5FC25B2B183487DD00AC3D67 /* ASIInputStream.m */; settings = {COMPILER_FLAGS = "-fno-objc-arc"; }; };
		5FC25B46183487DD00AC3D67 /* ASINetworkQueue.m in Sources */ = {isa = PBXBuildFile; fileRef = 5FC25B2D183487DD00AC3D67 /* ASINetworkQueue.m */; settings = {COMPILER_FLAGS = "-fno-objc-arc"; }; };
		5FC25B47183487DD00AC3D67 /* Reachability.m in Sources */ = {isa = PBXBuildFile; fileRef = 5FC25B30183487DD00AC3D67 /* Reachability.m */; settings = {COMPILER_FLAGS = "-fno-objc-arc"; }; };
		5FC25B48183487DD00AC3D67 /* ReachabilityAppDelegate.m in Sources */ = {isa = PBXBuildFile; fileRef = 5FC25B32183487DD00AC3D67 /* ReachabilityAppDelegate.m */; settings = {COMPILER_FLAGS = "-fno-objc-arc"; }; };
		5FC25B4A183487DD00AC3D67 /* QiniuPutExtra.m in Sources */ = {isa = PBXBuildFile; fileRef = 5FC25B39183487DD00AC3D67 /* QiniuPutExtra.m */; settings = {COMPILER_FLAGS = "-fno-objc-arc"; }; };
		5FC25B4B183487DD00AC3D67 /* QiniuSimpleUploader.m in Sources */ = {isa = PBXBuildFile; fileRef = 5FC25B3B183487DD00AC3D67 /* QiniuSimpleUploader.m */; settings = {COMPILER_FLAGS = "-fno-objc-arc"; }; };
		5FC25B4C183487DD00AC3D67 /* QiniuUtils.m in Sources */ = {isa = PBXBuildFile; fileRef = 5FC25B3E183487DD00AC3D67 /* QiniuUtils.m */; settings = {COMPILER_FLAGS = "-fno-objc-arc"; }; };
		5FC25B5E183489E200AC3D67 /* GTMBase64.m in Sources */ = {isa = PBXBuildFile; fileRef = 5FC25B5D183489E200AC3D67 /* GTMBase64.m */; settings = {COMPILER_FLAGS = "-fno-objc-arc"; }; };
		5FC25B6718348B3E00AC3D67 /* MobileCoreServices.framework in Frameworks */ = {isa = PBXBuildFile; fileRef = 5FC25B6618348B3E00AC3D67 /* MobileCoreServices.framework */; };
		5FC25B6918348B4F00AC3D67 /* CFNetwork.framework in Frameworks */ = {isa = PBXBuildFile; fileRef = 5FC25B6818348B4F00AC3D67 /* CFNetwork.framework */; };
		5FC25B6B18348B5E00AC3D67 /* SystemConfiguration.framework in Frameworks */ = {isa = PBXBuildFile; fileRef = 5FC25B6A18348B5E00AC3D67 /* SystemConfiguration.framework */; };
		5FC25B6D18348B6700AC3D67 /* AssetsLibrary.framework in Frameworks */ = {isa = PBXBuildFile; fileRef = 5FC25B6C18348B6700AC3D67 /* AssetsLibrary.framework */; };
		5FC25B6F18348B7E00AC3D67 /* libz.dylib in Frameworks */ = {isa = PBXBuildFile; fileRef = 5FC25B6E18348B7E00AC3D67 /* libz.dylib */; };
		5FC25B7218348BE000AC3D67 /* QiniuViewController.m in Sources */ = {isa = PBXBuildFile; fileRef = 5FC25B7118348BE000AC3D67 /* QiniuViewController.m */; };
		5FC25B7518348C2600AC3D67 /* QiniuPutPolicy.m in Sources */ = {isa = PBXBuildFile; fileRef = 5FC25B7418348C2600AC3D67 /* QiniuPutPolicy.m */; };
/* End PBXBuildFile section */

/* Begin PBXContainerItemProxy section */
		5FC25B06183485DE00AC3D67 /* PBXContainerItemProxy */ = {
			isa = PBXContainerItemProxy;
			containerPortal = 5FC25AD8183485DE00AC3D67 /* Project object */;
			proxyType = 1;
			remoteGlobalIDString = 5FC25ADF183485DE00AC3D67;
			remoteInfo = "Qiniu-iOS-SDK";
		};
/* End PBXContainerItemProxy section */

/* Begin PBXFileReference section */
		5FC25AE0183485DE00AC3D67 /* Qiniu-iOS-SDK.app */ = {isa = PBXFileReference; explicitFileType = wrapper.application; includeInIndex = 0; path = "Qiniu-iOS-SDK.app"; sourceTree = BUILT_PRODUCTS_DIR; };
		5FC25AE3183485DE00AC3D67 /* Foundation.framework */ = {isa = PBXFileReference; lastKnownFileType = wrapper.framework; name = Foundation.framework; path = System/Library/Frameworks/Foundation.framework; sourceTree = SDKROOT; };
		5FC25AE5183485DE00AC3D67 /* CoreGraphics.framework */ = {isa = PBXFileReference; lastKnownFileType = wrapper.framework; name = CoreGraphics.framework; path = System/Library/Frameworks/CoreGraphics.framework; sourceTree = SDKROOT; };
		5FC25AE7183485DE00AC3D67 /* UIKit.framework */ = {isa = PBXFileReference; lastKnownFileType = wrapper.framework; name = UIKit.framework; path = System/Library/Frameworks/UIKit.framework; sourceTree = SDKROOT; };
		5FC25AEB183485DE00AC3D67 /* Qiniu-iOS-SDK-Info.plist */ = {isa = PBXFileReference; lastKnownFileType = text.plist.xml; path = "Qiniu-iOS-SDK-Info.plist"; sourceTree = "<group>"; };
		5FC25AED183485DE00AC3D67 /* en */ = {isa = PBXFileReference; lastKnownFileType = text.plist.strings; name = en; path = en.lproj/InfoPlist.strings; sourceTree = "<group>"; };
		5FC25AEF183485DE00AC3D67 /* main.m */ = {isa = PBXFileReference; lastKnownFileType = sourcecode.c.objc; path = main.m; sourceTree = "<group>"; };
		5FC25AF1183485DE00AC3D67 /* Qiniu-iOS-SDK-Prefix.pch */ = {isa = PBXFileReference; lastKnownFileType = sourcecode.c.h; path = "Qiniu-iOS-SDK-Prefix.pch"; sourceTree = "<group>"; };
		5FC25AF2183485DE00AC3D67 /* AppDelegate.h */ = {isa = PBXFileReference; lastKnownFileType = sourcecode.c.h; path = AppDelegate.h; sourceTree = "<group>"; };
		5FC25AF3183485DE00AC3D67 /* AppDelegate.m */ = {isa = PBXFileReference; lastKnownFileType = sourcecode.c.objc; path = AppDelegate.m; sourceTree = "<group>"; };
		5FC25AF6183485DE00AC3D67 /* Base */ = {isa = PBXFileReference; lastKnownFileType = file.storyboard; name = Base; path = Base.lproj/Main.storyboard; sourceTree = "<group>"; };
		5FC25AFB183485DE00AC3D67 /* Images.xcassets */ = {isa = PBXFileReference; lastKnownFileType = folder.assetcatalog; path = Images.xcassets; sourceTree = "<group>"; };
		5FC25B01183485DE00AC3D67 /* Qiniu-iOS-SDKTests.xctest */ = {isa = PBXFileReference; explicitFileType = wrapper.cfbundle; includeInIndex = 0; path = "Qiniu-iOS-SDKTests.xctest"; sourceTree = BUILT_PRODUCTS_DIR; };
		5FC25B02183485DE00AC3D67 /* XCTest.framework */ = {isa = PBXFileReference; lastKnownFileType = wrapper.framework; name = XCTest.framework; path = Library/Frameworks/XCTest.framework; sourceTree = DEVELOPER_DIR; };
		5FC25B0A183485DE00AC3D67 /* Qiniu-iOS-SDKTests-Info.plist */ = {isa = PBXFileReference; lastKnownFileType = text.plist.xml; path = "Qiniu-iOS-SDKTests-Info.plist"; sourceTree = "<group>"; };
		5FC25B0C183485DE00AC3D67 /* en */ = {isa = PBXFileReference; lastKnownFileType = text.plist.strings; name = en; path = en.lproj/InfoPlist.strings; sourceTree = "<group>"; };
		5FC25B0E183485DE00AC3D67 /* Qiniu_iOS_SDKTests.m */ = {isa = PBXFileReference; lastKnownFileType = sourcecode.c.objc; path = Qiniu_iOS_SDKTests.m; sourceTree = "<group>"; };
		5FC25B1B183487DD00AC3D67 /* ASIAuthenticationDialog.h */ = {isa = PBXFileReference; fileEncoding = 4; lastKnownFileType = sourcecode.c.h; path = ASIAuthenticationDialog.h; sourceTree = "<group>"; };
		5FC25B1C183487DD00AC3D67 /* ASIAuthenticationDialog.m */ = {isa = PBXFileReference; fileEncoding = 4; lastKnownFileType = sourcecode.c.objc; path = ASIAuthenticationDialog.m; sourceTree = "<group>"; };
		5FC25B1D183487DD00AC3D67 /* ASICacheDelegate.h */ = {isa = PBXFileReference; fileEncoding = 4; lastKnownFileType = sourcecode.c.h; path = ASICacheDelegate.h; sourceTree = "<group>"; };
		5FC25B1E183487DD00AC3D67 /* ASIDataCompressor.h */ = {isa = PBXFileReference; fileEncoding = 4; lastKnownFileType = sourcecode.c.h; path = ASIDataCompressor.h; sourceTree = "<group>"; };
		5FC25B1F183487DD00AC3D67 /* ASIDataCompressor.m */ = {isa = PBXFileReference; fileEncoding = 4; lastKnownFileType = sourcecode.c.objc; path = ASIDataCompressor.m; sourceTree = "<group>"; };
		5FC25B20183487DD00AC3D67 /* ASIDataDecompressor.h */ = {isa = PBXFileReference; fileEncoding = 4; lastKnownFileType = sourcecode.c.h; path = ASIDataDecompressor.h; sourceTree = "<group>"; };
		5FC25B21183487DD00AC3D67 /* ASIDataDecompressor.m */ = {isa = PBXFileReference; fileEncoding = 4; lastKnownFileType = sourcecode.c.objc; path = ASIDataDecompressor.m; sourceTree = "<group>"; };
		5FC25B22183487DD00AC3D67 /* ASIDownloadCache.h */ = {isa = PBXFileReference; fileEncoding = 4; lastKnownFileType = sourcecode.c.h; path = ASIDownloadCache.h; sourceTree = "<group>"; };
		5FC25B23183487DD00AC3D67 /* ASIDownloadCache.m */ = {isa = PBXFileReference; fileEncoding = 4; lastKnownFileType = sourcecode.c.objc; path = ASIDownloadCache.m; sourceTree = "<group>"; };
		5FC25B24183487DD00AC3D67 /* ASIFormDataRequest.h */ = {isa = PBXFileReference; fileEncoding = 4; lastKnownFileType = sourcecode.c.h; path = ASIFormDataRequest.h; sourceTree = "<group>"; };
		5FC25B25183487DD00AC3D67 /* ASIFormDataRequest.m */ = {isa = PBXFileReference; fileEncoding = 4; lastKnownFileType = sourcecode.c.objc; path = ASIFormDataRequest.m; sourceTree = "<group>"; };
		5FC25B26183487DD00AC3D67 /* ASIHTTPRequest.h */ = {isa = PBXFileReference; fileEncoding = 4; lastKnownFileType = sourcecode.c.h; path = ASIHTTPRequest.h; sourceTree = "<group>"; };
		5FC25B27183487DD00AC3D67 /* ASIHTTPRequest.m */ = {isa = PBXFileReference; fileEncoding = 4; lastKnownFileType = sourcecode.c.objc; path = ASIHTTPRequest.m; sourceTree = "<group>"; };
		5FC25B28183487DD00AC3D67 /* ASIHTTPRequestConfig.h */ = {isa = PBXFileReference; fileEncoding = 4; lastKnownFileType = sourcecode.c.h; path = ASIHTTPRequestConfig.h; sourceTree = "<group>"; };
		5FC25B29183487DD00AC3D67 /* ASIHTTPRequestDelegate.h */ = {isa = PBXFileReference; fileEncoding = 4; lastKnownFileType = sourcecode.c.h; path = ASIHTTPRequestDelegate.h; sourceTree = "<group>"; };
		5FC25B2A183487DD00AC3D67 /* ASIInputStream.h */ = {isa = PBXFileReference; fileEncoding = 4; lastKnownFileType = sourcecode.c.h; path = ASIInputStream.h; sourceTree = "<group>"; };
		5FC25B2B183487DD00AC3D67 /* ASIInputStream.m */ = {isa = PBXFileReference; fileEncoding = 4; lastKnownFileType = sourcecode.c.objc; path = ASIInputStream.m; sourceTree = "<group>"; };
		5FC25B2C183487DD00AC3D67 /* ASINetworkQueue.h */ = {isa = PBXFileReference; fileEncoding = 4; lastKnownFileType = sourcecode.c.h; path = ASINetworkQueue.h; sourceTree = "<group>"; };
		5FC25B2D183487DD00AC3D67 /* ASINetworkQueue.m */ = {isa = PBXFileReference; fileEncoding = 4; lastKnownFileType = sourcecode.c.objc; path = ASINetworkQueue.m; sourceTree = "<group>"; };
		5FC25B2E183487DD00AC3D67 /* ASIProgressDelegate.h */ = {isa = PBXFileReference; fileEncoding = 4; lastKnownFileType = sourcecode.c.h; path = ASIProgressDelegate.h; sourceTree = "<group>"; };
		5FC25B2F183487DD00AC3D67 /* Reachability.h */ = {isa = PBXFileReference; fileEncoding = 4; lastKnownFileType = sourcecode.c.h; path = Reachability.h; sourceTree = "<group>"; };
		5FC25B30183487DD00AC3D67 /* Reachability.m */ = {isa = PBXFileReference; fileEncoding = 4; lastKnownFileType = sourcecode.c.objc; path = Reachability.m; sourceTree = "<group>"; };
		5FC25B31183487DD00AC3D67 /* ReachabilityAppDelegate.h */ = {isa = PBXFileReference; fileEncoding = 4; lastKnownFileType = sourcecode.c.h; path = ReachabilityAppDelegate.h; sourceTree = "<group>"; };
		5FC25B32183487DD00AC3D67 /* ReachabilityAppDelegate.m */ = {isa = PBXFileReference; fileEncoding = 4; lastKnownFileType = sourcecode.c.objc; path = ReachabilityAppDelegate.m; sourceTree = "<group>"; };
		5FC25B37183487DD00AC3D67 /* QiniuConfig.h */ = {isa = PBXFileReference; fileEncoding = 4; lastKnownFileType = sourcecode.c.h; path = QiniuConfig.h; sourceTree = "<group>"; };
		5FC25B38183487DD00AC3D67 /* QiniuPutExtra.h */ = {isa = PBXFileReference; fileEncoding = 4; lastKnownFileType = sourcecode.c.h; path = QiniuPutExtra.h; sourceTree = "<group>"; };
		5FC25B39183487DD00AC3D67 /* QiniuPutExtra.m */ = {isa = PBXFileReference; fileEncoding = 4; lastKnownFileType = sourcecode.c.objc; path = QiniuPutExtra.m; sourceTree = "<group>"; };
		5FC25B3A183487DD00AC3D67 /* QiniuSimpleUploader.h */ = {isa = PBXFileReference; fileEncoding = 4; lastKnownFileType = sourcecode.c.h; path = QiniuSimpleUploader.h; sourceTree = "<group>"; };
		5FC25B3B183487DD00AC3D67 /* QiniuSimpleUploader.m */ = {isa = PBXFileReference; fileEncoding = 4; lastKnownFileType = sourcecode.c.objc; path = QiniuSimpleUploader.m; sourceTree = "<group>"; };
		5FC25B3C183487DD00AC3D67 /* QiniuUploadDelegate.h */ = {isa = PBXFileReference; fileEncoding = 4; lastKnownFileType = sourcecode.c.h; path = QiniuUploadDelegate.h; sourceTree = "<group>"; };
		5FC25B3D183487DD00AC3D67 /* QiniuUtils.h */ = {isa = PBXFileReference; fileEncoding = 4; lastKnownFileType = sourcecode.c.h; path = QiniuUtils.h; sourceTree = "<group>"; };
		5FC25B3E183487DD00AC3D67 /* QiniuUtils.m */ = {isa = PBXFileReference; fileEncoding = 4; lastKnownFileType = sourcecode.c.objc; path = QiniuUtils.m; sourceTree = "<group>"; };
		5FC25B5C183489E200AC3D67 /* GTMBase64.h */ = {isa = PBXFileReference; fileEncoding = 4; lastKnownFileType = sourcecode.c.h; name = GTMBase64.h; path = QiniuSDK/3rdParty/GTMBase64/GTMBase64.h; sourceTree = SOURCE_ROOT; };
		5FC25B5D183489E200AC3D67 /* GTMBase64.m */ = {isa = PBXFileReference; fileEncoding = 4; lastKnownFileType = sourcecode.c.objc; name = GTMBase64.m; path = QiniuSDK/3rdParty/GTMBase64/GTMBase64.m; sourceTree = SOURCE_ROOT; };
		5FC25B6318348A2400AC3D67 /* GTMDefines.h */ = {isa = PBXFileReference; fileEncoding = 4; lastKnownFileType = sourcecode.c.h; name = GTMDefines.h; path = QiniuSDK/3rdParty/GTMBase64/GTMDefines.h; sourceTree = SOURCE_ROOT; };
		5FC25B6618348B3E00AC3D67 /* MobileCoreServices.framework */ = {isa = PBXFileReference; lastKnownFileType = wrapper.framework; name = MobileCoreServices.framework; path = System/Library/Frameworks/MobileCoreServices.framework; sourceTree = SDKROOT; };
		5FC25B6818348B4F00AC3D67 /* CFNetwork.framework */ = {isa = PBXFileReference; lastKnownFileType = wrapper.framework; name = CFNetwork.framework; path = System/Library/Frameworks/CFNetwork.framework; sourceTree = SDKROOT; };
		5FC25B6A18348B5E00AC3D67 /* SystemConfiguration.framework */ = {isa = PBXFileReference; lastKnownFileType = wrapper.framework; name = SystemConfiguration.framework; path = System/Library/Frameworks/SystemConfiguration.framework; sourceTree = SDKROOT; };
		5FC25B6C18348B6700AC3D67 /* AssetsLibrary.framework */ = {isa = PBXFileReference; lastKnownFileType = wrapper.framework; name = AssetsLibrary.framework; path = System/Library/Frameworks/AssetsLibrary.framework; sourceTree = SDKROOT; };
		5FC25B6E18348B7E00AC3D67 /* libz.dylib */ = {isa = PBXFileReference; lastKnownFileType = "compiled.mach-o.dylib"; name = libz.dylib; path = usr/lib/libz.dylib; sourceTree = SDKROOT; };
		5FC25B7018348BE000AC3D67 /* QiniuViewController.h */ = {isa = PBXFileReference; fileEncoding = 4; lastKnownFileType = sourcecode.c.h; path = QiniuViewController.h; sourceTree = "<group>"; };
		5FC25B7118348BE000AC3D67 /* QiniuViewController.m */ = {isa = PBXFileReference; fileEncoding = 4; lastKnownFileType = sourcecode.c.objc; path = QiniuViewController.m; sourceTree = "<group>"; };
		5FC25B7318348C2600AC3D67 /* QiniuPutPolicy.h */ = {isa = PBXFileReference; fileEncoding = 4; lastKnownFileType = sourcecode.c.h; path = QiniuPutPolicy.h; sourceTree = "<group>"; };
		5FC25B7418348C2600AC3D67 /* QiniuPutPolicy.m */ = {isa = PBXFileReference; fileEncoding = 4; lastKnownFileType = sourcecode.c.objc; path = QiniuPutPolicy.m; sourceTree = "<group>"; };
/* End PBXFileReference section */

/* Begin PBXFrameworksBuildPhase section */
		5FC25ADD183485DE00AC3D67 /* Frameworks */ = {
			isa = PBXFrameworksBuildPhase;
			buildActionMask = 2147483647;
			files = (
				5FC25B6F18348B7E00AC3D67 /* libz.dylib in Frameworks */,
				5FC25B6D18348B6700AC3D67 /* AssetsLibrary.framework in Frameworks */,
				5FC25B6B18348B5E00AC3D67 /* SystemConfiguration.framework in Frameworks */,
				5FC25B6918348B4F00AC3D67 /* CFNetwork.framework in Frameworks */,
				5FC25B6718348B3E00AC3D67 /* MobileCoreServices.framework in Frameworks */,
				5FC25AE6183485DE00AC3D67 /* CoreGraphics.framework in Frameworks */,
				5FC25AE8183485DE00AC3D67 /* UIKit.framework in Frameworks */,
				5FC25AE4183485DE00AC3D67 /* Foundation.framework in Frameworks */,
			);
			runOnlyForDeploymentPostprocessing = 0;
		};
		5FC25AFE183485DE00AC3D67 /* Frameworks */ = {
			isa = PBXFrameworksBuildPhase;
			buildActionMask = 2147483647;
			files = (
				5FC25B03183485DE00AC3D67 /* XCTest.framework in Frameworks */,
				5FC25B05183485DE00AC3D67 /* UIKit.framework in Frameworks */,
				5FC25B04183485DE00AC3D67 /* Foundation.framework in Frameworks */,
			);
			runOnlyForDeploymentPostprocessing = 0;
		};
/* End PBXFrameworksBuildPhase section */

/* Begin PBXGroup section */
		5FC25AD7183485DE00AC3D67 = {
			isa = PBXGroup;
			children = (
				5FC25AE9183485DE00AC3D67 /* Qiniu-iOS-SDK */,
				5FC25B08183485DE00AC3D67 /* Qiniu-iOS-SDKTests */,
				5FC25AE2183485DE00AC3D67 /* Frameworks */,
				5FC25AE1183485DE00AC3D67 /* Products */,
			);
			sourceTree = "<group>";
		};
		5FC25AE1183485DE00AC3D67 /* Products */ = {
			isa = PBXGroup;
			children = (
				5FC25AE0183485DE00AC3D67 /* Qiniu-iOS-SDK.app */,
				5FC25B01183485DE00AC3D67 /* Qiniu-iOS-SDKTests.xctest */,
			);
			name = Products;
			sourceTree = "<group>";
		};
		5FC25AE2183485DE00AC3D67 /* Frameworks */ = {
			isa = PBXGroup;
			children = (
				5FC25B6E18348B7E00AC3D67 /* libz.dylib */,
				5FC25B6C18348B6700AC3D67 /* AssetsLibrary.framework */,
				5FC25B6A18348B5E00AC3D67 /* SystemConfiguration.framework */,
				5FC25B6818348B4F00AC3D67 /* CFNetwork.framework */,
				5FC25B6618348B3E00AC3D67 /* MobileCoreServices.framework */,
				5FC25AE3183485DE00AC3D67 /* Foundation.framework */,
				5FC25AE5183485DE00AC3D67 /* CoreGraphics.framework */,
				5FC25AE7183485DE00AC3D67 /* UIKit.framework */,
				5FC25B02183485DE00AC3D67 /* XCTest.framework */,
			);
			name = Frameworks;
			sourceTree = "<group>";
		};
		5FC25AE9183485DE00AC3D67 /* Qiniu-iOS-SDK */ = {
			isa = PBXGroup;
			children = (
				5FC25B18183487DD00AC3D67 /* QiniuSDK */,
				5FC25AF2183485DE00AC3D67 /* AppDelegate.h */,
				5FC25AF3183485DE00AC3D67 /* AppDelegate.m */,
				5FC25AF5183485DE00AC3D67 /* Main.storyboard */,
				5FC25B7318348C2600AC3D67 /* QiniuPutPolicy.h */,
				5FC25B7418348C2600AC3D67 /* QiniuPutPolicy.m */,
				5FC25B7018348BE000AC3D67 /* QiniuViewController.h */,
				5FC25B7118348BE000AC3D67 /* QiniuViewController.m */,
				5FC25AFB183485DE00AC3D67 /* Images.xcassets */,
				5FC25AEA183485DE00AC3D67 /* Supporting Files */,
			);
			path = "Qiniu-iOS-SDK";
			sourceTree = "<group>";
		};
		5FC25AEA183485DE00AC3D67 /* Supporting Files */ = {
			isa = PBXGroup;
			children = (
				5FC25AEB183485DE00AC3D67 /* Qiniu-iOS-SDK-Info.plist */,
				5FC25AEC183485DE00AC3D67 /* InfoPlist.strings */,
				5FC25AEF183485DE00AC3D67 /* main.m */,
				5FC25AF1183485DE00AC3D67 /* Qiniu-iOS-SDK-Prefix.pch */,
			);
			name = "Supporting Files";
			sourceTree = "<group>";
		};
		5FC25B08183485DE00AC3D67 /* Qiniu-iOS-SDKTests */ = {
			isa = PBXGroup;
			children = (
				5FC25B0E183485DE00AC3D67 /* Qiniu_iOS_SDKTests.m */,
				5FC25B09183485DE00AC3D67 /* Supporting Files */,
			);
			path = "Qiniu-iOS-SDKTests";
			sourceTree = "<group>";
		};
		5FC25B09183485DE00AC3D67 /* Supporting Files */ = {
			isa = PBXGroup;
			children = (
				5FC25B0A183485DE00AC3D67 /* Qiniu-iOS-SDKTests-Info.plist */,
				5FC25B0B183485DE00AC3D67 /* InfoPlist.strings */,
			);
			name = "Supporting Files";
			sourceTree = "<group>";
		};
		5FC25B18183487DD00AC3D67 /* QiniuSDK */ = {
			isa = PBXGroup;
			children = (
				5FC25B19183487DD00AC3D67 /* 3rdParty */,
				5FC25B37183487DD00AC3D67 /* QiniuConfig.h */,
				5FC25B38183487DD00AC3D67 /* QiniuPutExtra.h */,
				5FC25B39183487DD00AC3D67 /* QiniuPutExtra.m */,
				5FC25B3A183487DD00AC3D67 /* QiniuSimpleUploader.h */,
				5FC25B3B183487DD00AC3D67 /* QiniuSimpleUploader.m */,
				5FC25B3C183487DD00AC3D67 /* QiniuUploadDelegate.h */,
				5FC25B3D183487DD00AC3D67 /* QiniuUtils.h */,
				5FC25B3E183487DD00AC3D67 /* QiniuUtils.m */,
			);
			path = QiniuSDK;
			sourceTree = SOURCE_ROOT;
		};
		5FC25B19183487DD00AC3D67 /* 3rdParty */ = {
			isa = PBXGroup;
			children = (
				5FC25B521834883F00AC3D67 /* GTMBase64 */,
				5FC25B1A183487DD00AC3D67 /* ASIHttpRequest */,
			);
			path = 3rdParty;
			sourceTree = "<group>";
		};
		5FC25B1A183487DD00AC3D67 /* ASIHttpRequest */ = {
			isa = PBXGroup;
			children = (
				5FC25B1B183487DD00AC3D67 /* ASIAuthenticationDialog.h */,
				5FC25B1C183487DD00AC3D67 /* ASIAuthenticationDialog.m */,
				5FC25B1D183487DD00AC3D67 /* ASICacheDelegate.h */,
				5FC25B1E183487DD00AC3D67 /* ASIDataCompressor.h */,
				5FC25B1F183487DD00AC3D67 /* ASIDataCompressor.m */,
				5FC25B20183487DD00AC3D67 /* ASIDataDecompressor.h */,
				5FC25B21183487DD00AC3D67 /* ASIDataDecompressor.m */,
				5FC25B22183487DD00AC3D67 /* ASIDownloadCache.h */,
				5FC25B23183487DD00AC3D67 /* ASIDownloadCache.m */,
				5FC25B24183487DD00AC3D67 /* ASIFormDataRequest.h */,
				5FC25B25183487DD00AC3D67 /* ASIFormDataRequest.m */,
				5FC25B26183487DD00AC3D67 /* ASIHTTPRequest.h */,
				5FC25B27183487DD00AC3D67 /* ASIHTTPRequest.m */,
				5FC25B28183487DD00AC3D67 /* ASIHTTPRequestConfig.h */,
				5FC25B29183487DD00AC3D67 /* ASIHTTPRequestDelegate.h */,
				5FC25B2A183487DD00AC3D67 /* ASIInputStream.h */,
				5FC25B2B183487DD00AC3D67 /* ASIInputStream.m */,
				5FC25B2C183487DD00AC3D67 /* ASINetworkQueue.h */,
				5FC25B2D183487DD00AC3D67 /* ASINetworkQueue.m */,
				5FC25B2E183487DD00AC3D67 /* ASIProgressDelegate.h */,
				5FC25B2F183487DD00AC3D67 /* Reachability.h */,
				5FC25B30183487DD00AC3D67 /* Reachability.m */,
				5FC25B31183487DD00AC3D67 /* ReachabilityAppDelegate.h */,
				5FC25B32183487DD00AC3D67 /* ReachabilityAppDelegate.m */,
			);
			path = ASIHttpRequest;
			sourceTree = "<group>";
		};
		5FC25B521834883F00AC3D67 /* GTMBase64 */ = {
			isa = PBXGroup;
			children = (
				5FC25B5C183489E200AC3D67 /* GTMBase64.h */,
				5FC25B5D183489E200AC3D67 /* GTMBase64.m */,
				5FC25B6318348A2400AC3D67 /* GTMDefines.h */,
			);
			path = GTMBase64;
			sourceTree = "<group>";
		};
/* End PBXGroup section */

/* Begin PBXNativeTarget section */
		5FC25ADF183485DE00AC3D67 /* Qiniu-iOS-SDK */ = {
			isa = PBXNativeTarget;
			buildConfigurationList = 5FC25B12183485DE00AC3D67 /* Build configuration list for PBXNativeTarget "Qiniu-iOS-SDK" */;
			buildPhases = (
				5FC25ADC183485DE00AC3D67 /* Sources */,
				5FC25ADD183485DE00AC3D67 /* Frameworks */,
				5FC25ADE183485DE00AC3D67 /* Resources */,
			);
			buildRules = (
			);
			dependencies = (
			);
			name = "Qiniu-iOS-SDK";
			productName = "Qiniu-iOS-SDK";
			productReference = 5FC25AE0183485DE00AC3D67 /* Qiniu-iOS-SDK.app */;
			productType = "com.apple.product-type.application";
		};
		5FC25B00183485DE00AC3D67 /* Qiniu-iOS-SDKTests */ = {
			isa = PBXNativeTarget;
			buildConfigurationList = 5FC25B15183485DE00AC3D67 /* Build configuration list for PBXNativeTarget "Qiniu-iOS-SDKTests" */;
			buildPhases = (
				5FC25AFD183485DE00AC3D67 /* Sources */,
				5FC25AFE183485DE00AC3D67 /* Frameworks */,
				5FC25AFF183485DE00AC3D67 /* Resources */,
			);
			buildRules = (
			);
			dependencies = (
				5FC25B07183485DE00AC3D67 /* PBXTargetDependency */,
			);
			name = "Qiniu-iOS-SDKTests";
			productName = "Qiniu-iOS-SDKTests";
			productReference = 5FC25B01183485DE00AC3D67 /* Qiniu-iOS-SDKTests.xctest */;
			productType = "com.apple.product-type.bundle.unit-test";
		};
/* End PBXNativeTarget section */

/* Begin PBXProject section */
		5FC25AD8183485DE00AC3D67 /* Project object */ = {
			isa = PBXProject;
			attributes = {
				LastUpgradeCheck = 0500;
				ORGANIZATIONNAME = Vito;
				TargetAttributes = {
					5FC25B00183485DE00AC3D67 = {
						TestTargetID = 5FC25ADF183485DE00AC3D67;
					};
				};
			};
			buildConfigurationList = 5FC25ADB183485DE00AC3D67 /* Build configuration list for PBXProject "Qiniu-iOS-SDK" */;
			compatibilityVersion = "Xcode 3.2";
			developmentRegion = English;
			hasScannedForEncodings = 0;
			knownRegions = (
				en,
				Base,
			);
			mainGroup = 5FC25AD7183485DE00AC3D67;
			productRefGroup = 5FC25AE1183485DE00AC3D67 /* Products */;
			projectDirPath = "";
			projectRoot = "";
			targets = (
				5FC25ADF183485DE00AC3D67 /* Qiniu-iOS-SDK */,
				5FC25B00183485DE00AC3D67 /* Qiniu-iOS-SDKTests */,
			);
		};
/* End PBXProject section */

/* Begin PBXResourcesBuildPhase section */
		5FC25ADE183485DE00AC3D67 /* Resources */ = {
			isa = PBXResourcesBuildPhase;
			buildActionMask = 2147483647;
			files = (
				5FC25AFC183485DE00AC3D67 /* Images.xcassets in Resources */,
				5FC25AEE183485DE00AC3D67 /* InfoPlist.strings in Resources */,
				5FC25AF7183485DE00AC3D67 /* Main.storyboard in Resources */,
			);
			runOnlyForDeploymentPostprocessing = 0;
		};
		5FC25AFF183485DE00AC3D67 /* Resources */ = {
			isa = PBXResourcesBuildPhase;
			buildActionMask = 2147483647;
			files = (
				5FC25B0D183485DE00AC3D67 /* InfoPlist.strings in Resources */,
			);
			runOnlyForDeploymentPostprocessing = 0;
		};
/* End PBXResourcesBuildPhase section */

/* Begin PBXSourcesBuildPhase section */
		5FC25ADC183485DE00AC3D67 /* Sources */ = {
			isa = PBXSourcesBuildPhase;
			buildActionMask = 2147483647;
			files = (
				5FC25B40183487DD00AC3D67 /* ASIDataCompressor.m in Sources */,
				5FC25B44183487DD00AC3D67 /* ASIHTTPRequest.m in Sources */,
				5FC25B7518348C2600AC3D67 /* QiniuPutPolicy.m in Sources */,
				5FC25B3F183487DD00AC3D67 /* ASIAuthenticationDialog.m in Sources */,
				5FC25B43183487DD00AC3D67 /* ASIFormDataRequest.m in Sources */,
				5FC25B4C183487DD00AC3D67 /* QiniuUtils.m in Sources */,
				5FC25AF4183485DE00AC3D67 /* AppDelegate.m in Sources */,
				5FC25B4A183487DD00AC3D67 /* QiniuPutExtra.m in Sources */,
				5FC25B45183487DD00AC3D67 /* ASIInputStream.m in Sources */,
				5FC25B48183487DD00AC3D67 /* ReachabilityAppDelegate.m in Sources */,
				5FC25AF0183485DE00AC3D67 /* main.m in Sources */,
				5FC25B46183487DD00AC3D67 /* ASINetworkQueue.m in Sources */,
				5FC25B41183487DD00AC3D67 /* ASIDataDecompressor.m in Sources */,
				5FC25B4B183487DD00AC3D67 /* QiniuSimpleUploader.m in Sources */,
				5FC25B5E183489E200AC3D67 /* GTMBase64.m in Sources */,
				5FC25B47183487DD00AC3D67 /* Reachability.m in Sources */,
				5FC25B42183487DD00AC3D67 /* ASIDownloadCache.m in Sources */,
				5FC25B7218348BE000AC3D67 /* QiniuViewController.m in Sources */,
			);
			runOnlyForDeploymentPostprocessing = 0;
		};
		5FC25AFD183485DE00AC3D67 /* Sources */ = {
			isa = PBXSourcesBuildPhase;
			buildActionMask = 2147483647;
			files = (
				5FC25B0F183485DE00AC3D67 /* Qiniu_iOS_SDKTests.m in Sources */,
			);
			runOnlyForDeploymentPostprocessing = 0;
		};
/* End PBXSourcesBuildPhase section */

/* Begin PBXTargetDependency section */
		5FC25B07183485DE00AC3D67 /* PBXTargetDependency */ = {
			isa = PBXTargetDependency;
			target = 5FC25ADF183485DE00AC3D67 /* Qiniu-iOS-SDK */;
			targetProxy = 5FC25B06183485DE00AC3D67 /* PBXContainerItemProxy */;
		};
/* End PBXTargetDependency section */

/* Begin PBXVariantGroup section */
		5FC25AEC183485DE00AC3D67 /* InfoPlist.strings */ = {
			isa = PBXVariantGroup;
			children = (
				5FC25AED183485DE00AC3D67 /* en */,
			);
			name = InfoPlist.strings;
			sourceTree = "<group>";
		};
		5FC25AF5183485DE00AC3D67 /* Main.storyboard */ = {
			isa = PBXVariantGroup;
			children = (
				5FC25AF6183485DE00AC3D67 /* Base */,
			);
			name = Main.storyboard;
			sourceTree = "<group>";
		};
		5FC25B0B183485DE00AC3D67 /* InfoPlist.strings */ = {
			isa = PBXVariantGroup;
			children = (
				5FC25B0C183485DE00AC3D67 /* en */,
			);
			name = InfoPlist.strings;
			sourceTree = "<group>";
		};
/* End PBXVariantGroup section */

/* Begin XCBuildConfiguration section */
		5FC25B10183485DE00AC3D67 /* Debug */ = {
			isa = XCBuildConfiguration;
			buildSettings = {
				ALWAYS_SEARCH_USER_PATHS = NO;
				ARCHS = "$(ARCHS_STANDARD_INCLUDING_64_BIT)";
				CLANG_CXX_LANGUAGE_STANDARD = "gnu++0x";
				CLANG_CXX_LIBRARY = "libc++";
				CLANG_ENABLE_MODULES = YES;
				CLANG_ENABLE_OBJC_ARC = YES;
				CLANG_WARN_BOOL_CONVERSION = YES;
				CLANG_WARN_CONSTANT_CONVERSION = YES;
				CLANG_WARN_DIRECT_OBJC_ISA_USAGE = YES_ERROR;
				CLANG_WARN_EMPTY_BODY = YES;
				CLANG_WARN_ENUM_CONVERSION = YES;
				CLANG_WARN_INT_CONVERSION = YES;
				CLANG_WARN_OBJC_ROOT_CLASS = YES_ERROR;
				CLANG_WARN__DUPLICATE_METHOD_MATCH = YES;
				"CODE_SIGN_IDENTITY[sdk=iphoneos*]" = "iPhone Developer";
				COPY_PHASE_STRIP = NO;
				GCC_C_LANGUAGE_STANDARD = gnu99;
				GCC_DYNAMIC_NO_PIC = NO;
				GCC_OPTIMIZATION_LEVEL = 0;
				GCC_PREPROCESSOR_DEFINITIONS = (
					"DEBUG=1",
					"$(inherited)",
				);
				GCC_SYMBOLS_PRIVATE_EXTERN = NO;
				GCC_WARN_64_TO_32_BIT_CONVERSION = YES;
				GCC_WARN_ABOUT_RETURN_TYPE = YES_ERROR;
				GCC_WARN_UNDECLARED_SELECTOR = YES;
				GCC_WARN_UNINITIALIZED_AUTOS = YES;
				GCC_WARN_UNUSED_FUNCTION = YES;
				GCC_WARN_UNUSED_VARIABLE = YES;
				IPHONEOS_DEPLOYMENT_TARGET = 7.0;
				ONLY_ACTIVE_ARCH = YES;
				SDKROOT = iphoneos;
			};
			name = Debug;
		};
		5FC25B11183485DE00AC3D67 /* Release */ = {
			isa = XCBuildConfiguration;
			buildSettings = {
				ALWAYS_SEARCH_USER_PATHS = NO;
				ARCHS = "$(ARCHS_STANDARD_INCLUDING_64_BIT)";
				CLANG_CXX_LANGUAGE_STANDARD = "gnu++0x";
				CLANG_CXX_LIBRARY = "libc++";
				CLANG_ENABLE_MODULES = YES;
				CLANG_ENABLE_OBJC_ARC = YES;
				CLANG_WARN_BOOL_CONVERSION = YES;
				CLANG_WARN_CONSTANT_CONVERSION = YES;
				CLANG_WARN_DIRECT_OBJC_ISA_USAGE = YES_ERROR;
				CLANG_WARN_EMPTY_BODY = YES;
				CLANG_WARN_ENUM_CONVERSION = YES;
				CLANG_WARN_INT_CONVERSION = YES;
				CLANG_WARN_OBJC_ROOT_CLASS = YES_ERROR;
				CLANG_WARN__DUPLICATE_METHOD_MATCH = YES;
				"CODE_SIGN_IDENTITY[sdk=iphoneos*]" = "iPhone Developer";
				COPY_PHASE_STRIP = YES;
				ENABLE_NS_ASSERTIONS = NO;
				GCC_C_LANGUAGE_STANDARD = gnu99;
				GCC_WARN_64_TO_32_BIT_CONVERSION = YES;
				GCC_WARN_ABOUT_RETURN_TYPE = YES_ERROR;
				GCC_WARN_UNDECLARED_SELECTOR = YES;
				GCC_WARN_UNINITIALIZED_AUTOS = YES;
				GCC_WARN_UNUSED_FUNCTION = YES;
				GCC_WARN_UNUSED_VARIABLE = YES;
				IPHONEOS_DEPLOYMENT_TARGET = 7.0;
				SDKROOT = iphoneos;
				VALIDATE_PRODUCT = YES;
			};
			name = Release;
		};
		5FC25B13183485DE00AC3D67 /* Debug */ = {
			isa = XCBuildConfiguration;
			buildSettings = {
				ARCHS = "$(ARCHS_STANDARD)";
				ASSETCATALOG_COMPILER_APPICON_NAME = "AppIcon-2";
				ASSETCATALOG_COMPILER_LAUNCHIMAGE_NAME = LaunchImage;
				GCC_PRECOMPILE_PREFIX_HEADER = YES;
				GCC_PREFIX_HEADER = "Qiniu-iOS-SDK/Qiniu-iOS-SDK-Prefix.pch";
				INFOPLIST_FILE = "Qiniu-iOS-SDK/Qiniu-iOS-SDK-Info.plist";
				IPHONEOS_DEPLOYMENT_TARGET = 5.1;
				PRODUCT_NAME = "$(TARGET_NAME)";
				WRAPPER_EXTENSION = app;
			};
			name = Debug;
		};
		5FC25B14183485DE00AC3D67 /* Release */ = {
			isa = XCBuildConfiguration;
			buildSettings = {
				ARCHS = "$(ARCHS_STANDARD)";
				ASSETCATALOG_COMPILER_APPICON_NAME = "AppIcon-2";
				ASSETCATALOG_COMPILER_LAUNCHIMAGE_NAME = LaunchImage;
				GCC_PRECOMPILE_PREFIX_HEADER = YES;
				GCC_PREFIX_HEADER = "Qiniu-iOS-SDK/Qiniu-iOS-SDK-Prefix.pch";
				INFOPLIST_FILE = "Qiniu-iOS-SDK/Qiniu-iOS-SDK-Info.plist";
				IPHONEOS_DEPLOYMENT_TARGET = 5.1;
				PRODUCT_NAME = "$(TARGET_NAME)";
				WRAPPER_EXTENSION = app;
			};
			name = Release;
		};
		5FC25B16183485DE00AC3D67 /* Debug */ = {
			isa = XCBuildConfiguration;
			buildSettings = {
				ARCHS = "$(ARCHS_STANDARD_INCLUDING_64_BIT)";
				BUNDLE_LOADER = "$(BUILT_PRODUCTS_DIR)/Qiniu-iOS-SDK.app/Qiniu-iOS-SDK";
				FRAMEWORK_SEARCH_PATHS = (
					"$(SDKROOT)/Developer/Library/Frameworks",
					"$(inherited)",
					"$(DEVELOPER_FRAMEWORKS_DIR)",
				);
				GCC_PRECOMPILE_PREFIX_HEADER = YES;
				GCC_PREFIX_HEADER = "Qiniu-iOS-SDK/Qiniu-iOS-SDK-Prefix.pch";
				GCC_PREPROCESSOR_DEFINITIONS = (
					"DEBUG=1",
					"$(inherited)",
				);
				INFOPLIST_FILE = "Qiniu-iOS-SDKTests/Qiniu-iOS-SDKTests-Info.plist";
				PRODUCT_NAME = "$(TARGET_NAME)";
				TEST_HOST = "$(BUNDLE_LOADER)";
				WRAPPER_EXTENSION = xctest;
			};
			name = Debug;
		};
		5FC25B17183485DE00AC3D67 /* Release */ = {
			isa = XCBuildConfiguration;
			buildSettings = {
				ARCHS = "$(ARCHS_STANDARD_INCLUDING_64_BIT)";
				BUNDLE_LOADER = "$(BUILT_PRODUCTS_DIR)/Qiniu-iOS-SDK.app/Qiniu-iOS-SDK";
				FRAMEWORK_SEARCH_PATHS = (
					"$(SDKROOT)/Developer/Library/Frameworks",
					"$(inherited)",
					"$(DEVELOPER_FRAMEWORKS_DIR)",
				);
				GCC_PRECOMPILE_PREFIX_HEADER = YES;
				GCC_PREFIX_HEADER = "Qiniu-iOS-SDK/Qiniu-iOS-SDK-Prefix.pch";
				INFOPLIST_FILE = "Qiniu-iOS-SDKTests/Qiniu-iOS-SDKTests-Info.plist";
				PRODUCT_NAME = "$(TARGET_NAME)";
				TEST_HOST = "$(BUNDLE_LOADER)";
				WRAPPER_EXTENSION = xctest;
			};
			name = Release;
		};
/* End XCBuildConfiguration section */

/* Begin XCConfigurationList section */
		5FC25ADB183485DE00AC3D67 /* Build configuration list for PBXProject "Qiniu-iOS-SDK" */ = {
			isa = XCConfigurationList;
			buildConfigurations = (
				5FC25B10183485DE00AC3D67 /* Debug */,
				5FC25B11183485DE00AC3D67 /* Release */,
			);
			defaultConfigurationIsVisible = 0;
			defaultConfigurationName = Release;
		};
		5FC25B12183485DE00AC3D67 /* Build configuration list for PBXNativeTarget "Qiniu-iOS-SDK" */ = {
			isa = XCConfigurationList;
			buildConfigurations = (
				5FC25B13183485DE00AC3D67 /* Debug */,
				5FC25B14183485DE00AC3D67 /* Release */,
			);
			defaultConfigurationIsVisible = 0;
		};
		5FC25B15183485DE00AC3D67 /* Build configuration list for PBXNativeTarget "Qiniu-iOS-SDKTests" */ = {
			isa = XCConfigurationList;
			buildConfigurations = (
				5FC25B16183485DE00AC3D67 /* Debug */,
				5FC25B17183485DE00AC3D67 /* Release */,
			);
			defaultConfigurationIsVisible = 0;
		};
/* End XCConfigurationList section */
	};
	rootObject = 5FC25AD8183485DE00AC3D67 /* Project object */;
}
